
Microsoft Visual Studio Solution File, Format Version 12.00
# Visual Studio Version 16
VisualStudioVersion = 16.0.30001.183
MinimumVisualStudioVersion = 10.0.40219.1
Project("{FAE04EC0-301F-11D3-BF4B-00C04F79EFBC}") = "KeyedCollectionDemo", "KeyedCollectionDemo.csproj", "{0D97EC27-9417-4027-B09E-25FF95BB06B4}"
EndProject
Global
	GlobalSection(SolutionConfigurationPlatforms) = preSolution
		Debug|Any CPU = Debug|Any CPU
		Release|Any CPU = Release|Any CPU
	EndGlobalSection
	GlobalSection(ProjectConfigurationPlatforms) = postSolution
		{0D97EC27-9417-4027-B09E-25FF95BB06B4}.Debug|Any CPU.ActiveCfg = Debug|Any CPU
		{0D97EC27-9417-4027-B09E-25FF95BB06B4}.Debug|Any CPU.Build.0 = Debug|Any CPU
		{0D97EC27-9417-4027-B09E-25FF95BB06B4}.Release|Any CPU.ActiveCfg = Release|Any CPU
		{0D97EC27-9417-4027-B09E-25FF95BB06B4}.Release|Any CPU.Build.0 = Release|Any CPU
	EndGlobalSection
	GlobalSection(SolutionProperties) = preSolution
		HideSolutionNode = FALSE
	EndGlobalSection
	GlobalSection(ExtensibilityGlobals) = postSolution
		SolutionGuid = {5EB6EFB1-D187-426D-91F5-B344B96431EA}
	EndGlobalSection
EndGlobal
