
Microsoft Visual Studio Solution File, Format Version 12.00
# Visual Studio 2013
VisualStudioVersion = 12.0.31101.0
MinimumVisualStudioVersion = 10.0.40219.1
Project("{FAE04EC0-301F-11D3-BF4B-00C04F79EFBC}") = "ConsoleApp", "ConsoleApp\ConsoleApp.csproj", "{1EF135DD-79EE-402D-936D-70FA618B8192}"
EndProject
Project("{FAE04EC0-301F-11D3-BF4B-00C04F79EFBC}") = "UnitTests", "UnitTests\UnitTests.csproj", "{D5D57990-0C18-4F72-B779-F7F7836CA142}"
EndProject
Global
	GlobalSection(SolutionConfigurationPlatforms) = preSolution
		Debug|Any CPU = Debug|Any CPU
		Release|Any CPU = Release|Any CPU
	EndGlobalSection
	GlobalSection(ProjectConfigurationPlatforms) = postSolution
		{1EF135DD-79EE-402D-936D-70FA618B8192}.Debug|Any CPU.ActiveCfg = Debug|Any CPU
		{1EF135DD-79EE-402D-936D-70FA618B8192}.Debug|Any CPU.Build.0 = Debug|Any CPU
		{1EF135DD-79EE-402D-936D-70FA618B8192}.Release|Any CPU.ActiveCfg = Release|Any CPU
		{1EF135DD-79EE-402D-936D-70FA618B8192}.Release|Any CPU.Build.0 = Release|Any CPU
		{D5D57990-0C18-4F72-B779-F7F7836CA142}.Debug|Any CPU.ActiveCfg = Debug|Any CPU
		{D5D57990-0C18-4F72-B779-F7F7836CA142}.Debug|Any CPU.Build.0 = Debug|Any CPU
		{D5D57990-0C18-4F72-B779-F7F7836CA142}.Release|Any CPU.ActiveCfg = Release|Any CPU
		{D5D57990-0C18-4F72-B779-F7F7836CA142}.Release|Any CPU.Build.0 = Release|Any CPU
	EndGlobalSection
	GlobalSection(SolutionProperties) = preSolution
		HideSolutionNode = FALSE
	EndGlobalSection
EndGlobal
