Microsoft Visual Studio Solution File, Format Version 12.00
# Visual Studio Version 17
VisualStudioVersion = 17.0.31611.283
MinimumVisualStudioVersion = 10.0.40219.1
Project("{9A19103F-16F7-4668-BE54-9A1E7A4F7556}") = "MauiApp1", "MauiApp1\MauiApp1.csproj", "{91DE826A-2677-4E6A-8EAE-88A4DFDBBF58}"
EndProject
Project("{FAE04EC0-301F-11D3-BF4B-00C04F79EFBC}") = "RazorClassLibrary1", "RazorClassLibrary1\RazorClassLibrary1.csproj", "{1236A3F0-41EA-4420-A2B2-2371ACF31581}"
EndProject
Global
	GlobalSection(SolutionConfigurationPlatforms) = preSolution
		Debug|Any CPU = Debug|Any CPU
		Release|Any CPU = Release|Any CPU
	EndGlobalSection
	GlobalSection(ProjectConfigurationPlatforms) = postSolution
		{91DE826A-2677-4E6A-8EAE-88A4DFDBBF58}.Debug|Any CPU.ActiveCfg = Debug|Any CPU
		{91DE826A-2677-4E6A-8EAE-88A4DFDBBF58}.Debug|Any CPU.Build.0 = Debug|Any CPU
		{91DE826A-2677-4E6A-8EAE-88A4DFDBBF58}.Debug|Any CPU.Deploy.0 = Debug|Any CPU
		{91DE826A-2677-4E6A-8EAE-88A4DFDBBF58}.Release|Any CPU.ActiveCfg = Release|Any CPU
		{91DE826A-2677-4E6A-8EAE-88A4DFDBBF58}.Release|Any CPU.Build.0 = Release|Any CPU
		{91DE826A-2677-4E6A-8EAE-88A4DFDBBF58}.Release|Any CPU.Deploy.0 = Release|Any CPU
		{1236A3F0-41EA-4420-A2B2-2371ACF31581}.Debug|Any CPU.ActiveCfg = Debug|Any CPU
		{1236A3F0-41EA-4420-A2B2-2371ACF31581}.Debug|Any CPU.Build.0 = Debug|Any CPU
		{1236A3F0-41EA-4420-A2B2-2371ACF31581}.Release|Any CPU.ActiveCfg = Release|Any CPU
		{1236A3F0-41EA-4420-A2B2-2371ACF31581}.Release|Any CPU.Build.0 = Release|Any CPU
	EndGlobalSection
	GlobalSection(SolutionProperties) = preSolution
		HideSolutionNode = FALSE
	EndGlobalSection
	GlobalSection(ExtensibilityGlobals) = postSolution
		        SolutionGuid = {61F7FB11-1E47-470C-91E2-47F8143E1572}
		SolutionGuid = {78375839-3913-45BA-87D6-85339C5D783D}
	EndGlobalSection
EndGlobal
