
Microsoft Visual Studio Solution File, Format Version 12.00
# Visual Studio 2013
VisualStudioVersion = 12.0.31101.0
MinimumVisualStudioVersion = 10.0.40219.1
Project("{FAE04EC0-301F-11D3-BF4B-00C04F79EFBC}") = "MyLib", "MyLib\MyLib.csproj", "{FC0985A8-2267-452E-8DFE-C49278227456}"
EndProject
Project("{FAE04EC0-301F-11D3-BF4B-00C04F79EFBC}") = "MyLibTests", "MyLibTests\MyLibTests.csproj", "{E9111D57-8362-40A7-81FE-6A3CE34C1E8A}"
EndProject
Global
	GlobalSection(SolutionConfigurationPlatforms) = preSolution
		Debug|Any CPU = Debug|Any CPU
		Release|Any CPU = Release|Any CPU
	EndGlobalSection
	GlobalSection(ProjectConfigurationPlatforms) = postSolution
		{FC0985A8-2267-452E-8DFE-C49278227456}.Debug|Any CPU.ActiveCfg = Debug|Any CPU
		{FC0985A8-2267-452E-8DFE-C49278227456}.Debug|Any CPU.Build.0 = Debug|Any CPU
		{FC0985A8-2267-452E-8DFE-C49278227456}.Release|Any CPU.ActiveCfg = Release|Any CPU
		{FC0985A8-2267-452E-8DFE-C49278227456}.Release|Any CPU.Build.0 = Release|Any CPU
		{E9111D57-8362-40A7-81FE-6A3CE34C1E8A}.Debug|Any CPU.ActiveCfg = Debug|Any CPU
		{E9111D57-8362-40A7-81FE-6A3CE34C1E8A}.Debug|Any CPU.Build.0 = Debug|Any CPU
		{E9111D57-8362-40A7-81FE-6A3CE34C1E8A}.Release|Any CPU.ActiveCfg = Release|Any CPU
		{E9111D57-8362-40A7-81FE-6A3CE34C1E8A}.Release|Any CPU.Build.0 = Release|Any CPU
	EndGlobalSection
	GlobalSection(SolutionProperties) = preSolution
		HideSolutionNode = FALSE
	EndGlobalSection
EndGlobal
