
Microsoft Visual Studio Solution File, Format Version 12.00
# Visual Studio 2012
Project("{FAE04EC0-301F-11D3-BF4B-00C04F79EFBC}") = "PushSharpDemo", "PushSharpDemo.csproj", "{1D0CB861-3F36-4D8A-9BDA-15CB91B296CC}"
EndProject
Global
	GlobalSection(SolutionConfigurationPlatforms) = preSolution
		Debug|Any CPU = Debug|Any CPU
		Release|Any CPU = Release|Any CPU
	EndGlobalSection
	GlobalSection(ProjectConfigurationPlatforms) = postSolution
		{1D0CB861-3F36-4D8A-9BDA-15CB91B296CC}.Debug|Any CPU.ActiveCfg = Debug|Any CPU
		{1D0CB861-3F36-4D8A-9BDA-15CB91B296CC}.Debug|Any CPU.Build.0 = Debug|Any CPU
		{1D0CB861-3F36-4D8A-9BDA-15CB91B296CC}.Release|Any CPU.ActiveCfg = Release|Any CPU
		{1D0CB861-3F36-4D8A-9BDA-15CB91B296CC}.Release|Any CPU.Build.0 = Release|Any CPU
	EndGlobalSection
	GlobalSection(SolutionProperties) = preSolution
		HideSolutionNode = FALSE
	EndGlobalSection
EndGlobal
